
Microsoft Visual Studio Solution File, Format Version 12.00
# Visual Studio Version 17
VisualStudioVersion = 17.6.33815.320
MinimumVisualStudioVersion = 10.0.40219.1
Project("{FAE04EC0-301F-11D3-BF4B-00C04F79EFBC}") = "TextFileandLinkedLists", "TextFileandLinkedLists\TextFileandLinkedLists.csproj", "{9763D18C-C9B9-4241-92C4-5DA3E5B256FF}"
EndProject
Global
	GlobalSection(SolutionConfigurationPlatforms) = preSolution
		Debug|Any CPU = Debug|Any CPU
		Release|Any CPU = Release|Any CPU
	EndGlobalSection
	GlobalSection(ProjectConfigurationPlatforms) = postSolution
		{9763D18C-C9B9-4241-92C4-5DA3E5B256FF}.Debug|Any CPU.ActiveCfg = Debug|Any CPU
		{9763D18C-C9B9-4241-92C4-5DA3E5B256FF}.Debug|Any CPU.Build.0 = Debug|Any CPU
		{9763D18C-C9B9-4241-92C4-5DA3E5B256FF}.Release|Any CPU.ActiveCfg = Release|Any CPU
		{9763D18C-C9B9-4241-92C4-5DA3E5B256FF}.Release|Any CPU.Build.0 = Release|Any CPU
	EndGlobalSection
	GlobalSection(SolutionProperties) = preSolution
		HideSolutionNode = FALSE
	EndGlobalSection
	GlobalSection(ExtensibilityGlobals) = postSolution
		SolutionGuid = {0C806BEB-1324-47EA-A393-61916123B1F3}
	EndGlobalSection
EndGlobal
