
Microsoft Visual Studio Solution File, Format Version 12.00
# Visual Studio Version 17
VisualStudioVersion = 17.6.33815.320
MinimumVisualStudioVersion = 10.0.40219.1
Project("{FAE04EC0-301F-11D3-BF4B-00C04F79EFBC}") = "Sorting", "Sorting\Sorting.csproj", "{F669D1B9-028C-43BA-BA18-52A88FE88228}"
EndProject
Global
	GlobalSection(SolutionConfigurationPlatforms) = preSolution
		Debug|Any CPU = Debug|Any CPU
		Release|Any CPU = Release|Any CPU
	EndGlobalSection
	GlobalSection(ProjectConfigurationPlatforms) = postSolution
		{F669D1B9-028C-43BA-BA18-52A88FE88228}.Debug|Any CPU.ActiveCfg = Debug|Any CPU
		{F669D1B9-028C-43BA-BA18-52A88FE88228}.Debug|Any CPU.Build.0 = Debug|Any CPU
		{F669D1B9-028C-43BA-BA18-52A88FE88228}.Release|Any CPU.ActiveCfg = Release|Any CPU
		{F669D1B9-028C-43BA-BA18-52A88FE88228}.Release|Any CPU.Build.0 = Release|Any CPU
	EndGlobalSection
	GlobalSection(SolutionProperties) = preSolution
		HideSolutionNode = FALSE
	EndGlobalSection
	GlobalSection(ExtensibilityGlobals) = postSolution
		SolutionGuid = {21CBDC8E-A010-4ED3-BB31-84DE6F17EF41}
	EndGlobalSection
EndGlobal
