
Microsoft Visual Studio Solution File, Format Version 12.00
# Visual Studio Version 17
VisualStudioVersion = 17.6.33815.320
MinimumVisualStudioVersion = 10.0.40219.1
Project("{FAE04EC0-301F-11D3-BF4B-00C04F79EFBC}") = "DataStructures", "DataStructures\DataStructures.csproj", "{976C1769-F4F6-468A-9FEB-DA73E0CEBCDC}"
EndProject
Global
	GlobalSection(SolutionConfigurationPlatforms) = preSolution
		Debug|Any CPU = Debug|Any CPU
		Release|Any CPU = Release|Any CPU
	EndGlobalSection
	GlobalSection(ProjectConfigurationPlatforms) = postSolution
		{976C1769-F4F6-468A-9FEB-DA73E0CEBCDC}.Debug|Any CPU.ActiveCfg = Debug|Any CPU
		{976C1769-F4F6-468A-9FEB-DA73E0CEBCDC}.Debug|Any CPU.Build.0 = Debug|Any CPU
		{976C1769-F4F6-468A-9FEB-DA73E0CEBCDC}.Release|Any CPU.ActiveCfg = Release|Any CPU
		{976C1769-F4F6-468A-9FEB-DA73E0CEBCDC}.Release|Any CPU.Build.0 = Release|Any CPU
	EndGlobalSection
	GlobalSection(SolutionProperties) = preSolution
		HideSolutionNode = FALSE
	EndGlobalSection
	GlobalSection(ExtensibilityGlobals) = postSolution
		SolutionGuid = {633FA6E1-5C57-4AA0-9032-AE8A8753C916}
	EndGlobalSection
EndGlobal
