
Microsoft Visual Studio Solution File, Format Version 12.00
# Visual Studio Version 17
VisualStudioVersion = 17.6.33815.320
MinimumVisualStudioVersion = 10.0.40219.1
Project("{FAE04EC0-301F-11D3-BF4B-00C04F79EFBC}") = "StructuredText", "StructuredText\StructuredText.csproj", "{F3C96643-3E10-4658-9302-AF7920ADF78E}"
EndProject
Global
	GlobalSection(SolutionConfigurationPlatforms) = preSolution
		Debug|Any CPU = Debug|Any CPU
		Release|Any CPU = Release|Any CPU
	EndGlobalSection
	GlobalSection(ProjectConfigurationPlatforms) = postSolution
		{F3C96643-3E10-4658-9302-AF7920ADF78E}.Debug|Any CPU.ActiveCfg = Debug|Any CPU
		{F3C96643-3E10-4658-9302-AF7920ADF78E}.Debug|Any CPU.Build.0 = Debug|Any CPU
		{F3C96643-3E10-4658-9302-AF7920ADF78E}.Release|Any CPU.ActiveCfg = Release|Any CPU
		{F3C96643-3E10-4658-9302-AF7920ADF78E}.Release|Any CPU.Build.0 = Release|Any CPU
	EndGlobalSection
	GlobalSection(SolutionProperties) = preSolution
		HideSolutionNode = FALSE
	EndGlobalSection
	GlobalSection(ExtensibilityGlobals) = postSolution
		SolutionGuid = {0B52F77E-B3E7-443D-8F19-C133D7A5720D}
	EndGlobalSection
EndGlobal
